
Microsoft Visual Studio Solution File, Format Version 12.00
# Visual Studio Version 16
VisualStudioVersion = 16.0.31205.134
MinimumVisualStudioVersion = 10.0.40219.1
Project("{FAE04EC0-301F-11D3-BF4B-00C04F79EFBC}") = "Ma.Crypto.SM2.Utils", "Ma.Crypto.SM2.Utils\Ma.Crypto.SM2.Utils.csproj", "{7242B0F7-5FD3-4E16-A8CC-EE51EC4BDBFB}"
EndProject
Project("{FAE04EC0-301F-11D3-BF4B-00C04F79EFBC}") = "Ma.Crypto.SM2.Test", "Ma.Crypto.SM2.Test\Ma.Crypto.SM2.Test.csproj", "{AC33E779-85F5-4060-A227-F7F81F337B9B}"
EndProject
Global
	GlobalSection(SolutionConfigurationPlatforms) = preSolution
		Debug|Any CPU = Debug|Any CPU
		Release|Any CPU = Release|Any CPU
	EndGlobalSection
	GlobalSection(ProjectConfigurationPlatforms) = postSolution
		{7242B0F7-5FD3-4E16-A8CC-EE51EC4BDBFB}.Debug|Any CPU.ActiveCfg = Debug|Any CPU
		{7242B0F7-5FD3-4E16-A8CC-EE51EC4BDBFB}.Debug|Any CPU.Build.0 = Debug|Any CPU
		{7242B0F7-5FD3-4E16-A8CC-EE51EC4BDBFB}.Release|Any CPU.ActiveCfg = Release|Any CPU
		{7242B0F7-5FD3-4E16-A8CC-EE51EC4BDBFB}.Release|Any CPU.Build.0 = Release|Any CPU
		{AC33E779-85F5-4060-A227-F7F81F337B9B}.Debug|Any CPU.ActiveCfg = Debug|Any CPU
		{AC33E779-85F5-4060-A227-F7F81F337B9B}.Debug|Any CPU.Build.0 = Debug|Any CPU
		{AC33E779-85F5-4060-A227-F7F81F337B9B}.Release|Any CPU.ActiveCfg = Release|Any CPU
		{AC33E779-85F5-4060-A227-F7F81F337B9B}.Release|Any CPU.Build.0 = Release|Any CPU
	EndGlobalSection
	GlobalSection(SolutionProperties) = preSolution
		HideSolutionNode = FALSE
	EndGlobalSection
	GlobalSection(ExtensibilityGlobals) = postSolution
		SolutionGuid = {027BEFB5-0099-40D9-B91B-6164FA63B6B0}
	EndGlobalSection
EndGlobal
